// !$*UTF8*$!
{
	archiveVersion = 1;
	classes = {
	};
	objectVersion = 56;
	objects = {

/* Begin PBXBuildFile section */
		8B7516682F0077BC00158704 /* MagicTarotApp.swift in Sources */ = {isa = PBXBuildFile; fileRef = 8B7516672F0077BC00158704 /* MagicTarotApp.swift */; };
		8B75166C2F0077BF00158704 /* Assets.xcassets in Resources */ = {isa = PBXBuildFile; fileRef = 8B75166B2F0077BF00158704 /* Assets.xcassets */; };
		8B75166F2F0077BF00158704 /* Preview Assets.xcassets in Resources */ = {isa = PBXBuildFile; fileRef = 8B75166E2F0077BF00158704 /* Preview Assets.xcassets */; };
		8B75167E2F00BD9500158704 /* TarotCard.swift in Sources */ = {isa = PBXBuildFile; fileRef = 8B75167D2F00BD9500158704 /* TarotCard.swift */; };
		8B7516802F00C55F00158704 /* HomeViewModel.swift in Sources */ = {isa = PBXBuildFile; fileRef = 8B75167F2F00C55F00158704 /* HomeViewModel.swift */; };
		8B7516842F00C68600158704 /* HomeView.swift in Sources */ = {isa = PBXBuildFile; fileRef = 8B7516832F00C68600158704 /* HomeView.swift */; };
		8B7516892F00CD0C00158704 /* AppBackground.swift in Sources */ = {isa = PBXBuildFile; fileRef = 8B7516882F00CD0C00158704 /* AppBackground.swift */; };
		8B75168D2F00D06500158704 /* Color+Theme.swift in Sources */ = {isa = PBXBuildFile; fileRef = 8B75168C2F00D06500158704 /* Color+Theme.swift */; };
		8B7516902F00D63A00158704 /* HeaderSectionView.swift in Sources */ = {isa = PBXBuildFile; fileRef = 8B75168F2F00D63A00158704 /* HeaderSectionView.swift */; };
		8B7516942F00DB7E00158704 /* DesignSystem.swift in Sources */ = {isa = PBXBuildFile; fileRef = 8B7516932F00DB7E00158704 /* DesignSystem.swift */; };
		8B8AF6272F017F3B00851192 /* Localizable.xcstrings in Resources */ = {isa = PBXBuildFile; fileRef = 8B8AF6262F017F3B00851192 /* Localizable.xcstrings */; };
		8B8AF6292F01875400851192 /* DailyCardSectionView.swift in Sources */ = {isa = PBXBuildFile; fileRef = 8B8AF6282F01875400851192 /* DailyCardSectionView.swift */; };
		8B8AF62C2F01880200851192 /* GlassCard.swift in Sources */ = {isa = PBXBuildFile; fileRef = 8B8AF62B2F01880200851192 /* GlassCard.swift */; };
		8B8AF62F2F01DB9400851192 /* TarotCardView.swift in Sources */ = {isa = PBXBuildFile; fileRef = 8B8AF62E2F01DB9400851192 /* TarotCardView.swift */; };
		8B8AF6312F01EEF400851192 /* Image+Kingfisher.swift in Sources */ = {isa = PBXBuildFile; fileRef = 8B8AF6302F01EEF300851192 /* Image+Kingfisher.swift */; };
		8B8AF6332F02003300851192 /* CardBackView.swift in Sources */ = {isa = PBXBuildFile; fileRef = 8B8AF6322F02003300851192 /* CardBackView.swift */; };
		8B8AF63A2F02091300851192 /* DailyCardSheet.swift in Sources */ = {isa = PBXBuildFile; fileRef = 8B8AF6392F02091300851192 /* DailyCardSheet.swift */; };
		8B8AF63E2F02098300851192 /* InterpretationView.swift in Sources */ = {isa = PBXBuildFile; fileRef = 8B8AF63D2F02098300851192 /* InterpretationView.swift */; };
		8B8AF6412F020A4800851192 /* MagicButton.swift in Sources */ = {isa = PBXBuildFile; fileRef = 8B8AF6402F020A4800851192 /* MagicButton.swift */; };
		8B8AF6442F020A7C00851192 /* TypingTextView.swift in Sources */ = {isa = PBXBuildFile; fileRef = 8B8AF6432F020A7C00851192 /* TypingTextView.swift */; };
		8B8AF6462F020EBD00851192 /* StreamingTextView.swift in Sources */ = {isa = PBXBuildFile; fileRef = 8B8AF6452F020EBD00851192 /* StreamingTextView.swift */; };
		8B8AF6492F0213B200851192 /* GlassModifier.swift in Sources */ = {isa = PBXBuildFile; fileRef = 8B8AF6482F0213B200851192 /* GlassModifier.swift */; };
		8B8AF64B2F02163100851192 /* GeminiModels.swift in Sources */ = {isa = PBXBuildFile; fileRef = 8B8AF64A2F02163100851192 /* GeminiModels.swift */; };
		8B8AF64D2F02164A00851192 /* TarotService.swift in Sources */ = {isa = PBXBuildFile; fileRef = 8B8AF64C2F02164A00851192 /* TarotService.swift */; };
		8B8AF64F2F0216E200851192 /* Secrets.swift in Sources */ = {isa = PBXBuildFile; fileRef = 8B8AF64E2F0216E200851192 /* Secrets.swift */; };
		8B8AF6522F0218F900851192 /* CardPickerSheet.swift in Sources */ = {isa = PBXBuildFile; fileRef = 8B8AF6512F0218F900851192 /* CardPickerSheet.swift */; };
/* End PBXBuildFile section */

/* Begin PBXFileReference section */
		8B7516642F0077BC00158704 /* MagicTarot.app */ = {isa = PBXFileReference; explicitFileType = wrapper.application; includeInIndex = 0; path = MagicTarot.app; sourceTree = BUILT_PRODUCTS_DIR; };
		8B7516672F0077BC00158704 /* MagicTarotApp.swift */ = {isa = PBXFileReference; lastKnownFileType = sourcecode.swift; path = MagicTarotApp.swift; sourceTree = "<group>"; };
		8B75166B2F0077BF00158704 /* Assets.xcassets */ = {isa = PBXFileReference; lastKnownFileType = folder.assetcatalog; path = Assets.xcassets; sourceTree = "<group>"; };
		8B75166E2F0077BF00158704 /* Preview Assets.xcassets */ = {isa = PBXFileReference; lastKnownFileType = folder.assetcatalog; path = "Preview Assets.xcassets"; sourceTree = "<group>"; };
		8B75167D2F00BD9500158704 /* TarotCard.swift */ = {isa = PBXFileReference; lastKnownFileType = sourcecode.swift; path = TarotCard.swift; sourceTree = "<group>"; };
		8B75167F2F00C55F00158704 /* HomeViewModel.swift */ = {isa = PBXFileReference; lastKnownFileType = sourcecode.swift; path = HomeViewModel.swift; sourceTree = "<group>"; };
		8B7516832F00C68600158704 /* HomeView.swift */ = {isa = PBXFileReference; lastKnownFileType = sourcecode.swift; path = HomeView.swift; sourceTree = "<group>"; };
		8B7516882F00CD0C00158704 /* AppBackground.swift */ = {isa = PBXFileReference; lastKnownFileType = sourcecode.swift; path = AppBackground.swift; sourceTree = "<group>"; };
		8B75168C2F00D06500158704 /* Color+Theme.swift */ = {isa = PBXFileReference; lastKnownFileType = sourcecode.swift; path = "Color+Theme.swift"; sourceTree = "<group>"; };
		8B75168F2F00D63A00158704 /* HeaderSectionView.swift */ = {isa = PBXFileReference; lastKnownFileType = sourcecode.swift; path = HeaderSectionView.swift; sourceTree = "<group>"; };
		8B7516932F00DB7E00158704 /* DesignSystem.swift */ = {isa = PBXFileReference; lastKnownFileType = sourcecode.swift; path = DesignSystem.swift; sourceTree = "<group>"; };
		8B8AF6252F017EE400851192 /* Info.plist */ = {isa = PBXFileReference; lastKnownFileType = text.plist.xml; path = Info.plist; sourceTree = "<group>"; };
		8B8AF6262F017F3B00851192 /* Localizable.xcstrings */ = {isa = PBXFileReference; lastKnownFileType = text.json.xcstrings; path = Localizable.xcstrings; sourceTree = "<group>"; };
		8B8AF6282F01875400851192 /* DailyCardSectionView.swift */ = {isa = PBXFileReference; lastKnownFileType = sourcecode.swift; path = DailyCardSectionView.swift; sourceTree = "<group>"; };
		8B8AF62B2F01880200851192 /* GlassCard.swift */ = {isa = PBXFileReference; lastKnownFileType = sourcecode.swift; path = GlassCard.swift; sourceTree = "<group>"; };
		8B8AF62E2F01DB9400851192 /* TarotCardView.swift */ = {isa = PBXFileReference; lastKnownFileType = sourcecode.swift; path = TarotCardView.swift; sourceTree = "<group>"; };
		8B8AF6302F01EEF300851192 /* Image+Kingfisher.swift */ = {isa = PBXFileReference; lastKnownFileType = sourcecode.swift; path = "Image+Kingfisher.swift"; sourceTree = "<group>"; };
		8B8AF6322F02003300851192 /* CardBackView.swift */ = {isa = PBXFileReference; lastKnownFileType = sourcecode.swift; path = CardBackView.swift; sourceTree = "<group>"; };
		8B8AF6392F02091300851192 /* DailyCardSheet.swift */ = {isa = PBXFileReference; lastKnownFileType = sourcecode.swift; path = DailyCardSheet.swift; sourceTree = "<group>"; };
		8B8AF63D2F02098300851192 /* InterpretationView.swift */ = {isa = PBXFileReference; lastKnownFileType = sourcecode.swift; path = InterpretationView.swift; sourceTree = "<group>"; };
		8B8AF6402F020A4800851192 /* MagicButton.swift */ = {isa = PBXFileReference; lastKnownFileType = sourcecode.swift; path = MagicButton.swift; sourceTree = "<group>"; };
		8B8AF6432F020A7C00851192 /* TypingTextView.swift */ = {isa = PBXFileReference; lastKnownFileType = sourcecode.swift; path = TypingTextView.swift; sourceTree = "<group>"; };
		8B8AF6452F020EBD00851192 /* StreamingTextView.swift */ = {isa = PBXFileReference; lastKnownFileType = sourcecode.swift; path = StreamingTextView.swift; sourceTree = "<group>"; };
		8B8AF6482F0213B200851192 /* GlassModifier.swift */ = {isa = PBXFileReference; lastKnownFileType = sourcecode.swift; path = GlassModifier.swift; sourceTree = "<group>"; };
		8B8AF64A2F02163100851192 /* GeminiModels.swift */ = {isa = PBXFileReference; lastKnownFileType = sourcecode.swift; path = GeminiModels.swift; sourceTree = "<group>"; };
		8B8AF64C2F02164A00851192 /* TarotService.swift */ = {isa = PBXFileReference; lastKnownFileType = sourcecode.swift; path = TarotService.swift; sourceTree = "<group>"; };
		8B8AF64E2F0216E200851192 /* Secrets.swift */ = {isa = PBXFileReference; lastKnownFileType = sourcecode.swift; path = Secrets.swift; sourceTree = "<group>"; };
		8B8AF6512F0218F900851192 /* CardPickerSheet.swift */ = {isa = PBXFileReference; lastKnownFileType = sourcecode.swift; path = CardPickerSheet.swift; sourceTree = "<group>"; };
/* End PBXFileReference section */

/* Begin PBXFrameworksBuildPhase section */
		8B7516612F0077BC00158704 /* Frameworks */ = {
			isa = PBXFrameworksBuildPhase;
			buildActionMask = 2147483647;
			files = (
			);
			runOnlyForDeploymentPostprocessing = 0;
		};
/* End PBXFrameworksBuildPhase section */

/* Begin PBXGroup section */
		8B75165B2F0077BC00158704 = {
			isa = PBXGroup;
			children = (
				8B7516662F0077BC00158704 /* MagicTarot */,
				8B7516652F0077BC00158704 /* Products */,
			);
			sourceTree = "<group>";
		};
		8B7516652F0077BC00158704 /* Products */ = {
			isa = PBXGroup;
			children = (
				8B7516642F0077BC00158704 /* MagicTarot.app */,
			);
			name = Products;
			sourceTree = "<group>";
		};
		8B7516662F0077BC00158704 /* MagicTarot */ = {
			isa = PBXGroup;
			children = (
				8B8AF6252F017EE400851192 /* Info.plist */,
				8B8AF63B2F02096C00851192 /* Components */,
				8B75168A2F00D04300158704 /* Core */,
				8B75167C2F00785C00158704 /* Resources */,
				8B75167B2F00785600158704 /* Services */,
				8B7516782F00783D00158704 /* Views */,
				8B7516772F00783100158704 /* ViewModels */,
				8B7516762F00782300158704 /* Models */,
				8B7516752F0077FA00158704 /* App */,
			);
			path = MagicTarot;
			sourceTree = "<group>";
		};
		8B75166D2F0077BF00158704 /* Preview Content */ = {
			isa = PBXGroup;
			children = (
				8B75166E2F0077BF00158704 /* Preview Assets.xcassets */,
			);
			path = "Preview Content";
			sourceTree = "<group>";
		};
		8B7516752F0077FA00158704 /* App */ = {
			isa = PBXGroup;
			children = (
				8B7516672F0077BC00158704 /* MagicTarotApp.swift */,
			);
			path = App;
			sourceTree = "<group>";
		};
		8B7516762F00782300158704 /* Models */ = {
			isa = PBXGroup;
			children = (
				8B75167D2F00BD9500158704 /* TarotCard.swift */,
				8B8AF64A2F02163100851192 /* GeminiModels.swift */,
			);
			path = Models;
			sourceTree = "<group>";
		};
		8B7516772F00783100158704 /* ViewModels */ = {
			isa = PBXGroup;
			children = (
				8B75167F2F00C55F00158704 /* HomeViewModel.swift */,
			);
			path = ViewModels;
			sourceTree = "<group>";
		};
		8B7516782F00783D00158704 /* Views */ = {
			isa = PBXGroup;
			children = (
				8B8AF6502F0218EB00851192 /* Reading */,
				8B75167A2F00784E00158704 /* Screens */,
				8B7516792F00784800158704 /* Components */,
			);
			path = Views;
			sourceTree = "<group>";
		};
		8B7516792F00784800158704 /* Components */ = {
			isa = PBXGroup;
			children = (
				8B8AF62D2F01DB8000851192 /* Cards */,
				8B8AF62A2F0187E000851192 /* Common */,
				8B75168E2F00D5A000158704 /* Home */,
				8B7516882F00CD0C00158704 /* AppBackground.swift */,
			);
			path = Components;
			sourceTree = "<group>";
		};
		8B75167A2F00784E00158704 /* Screens */ = {
			isa = PBXGroup;
			children = (
				8B7516912F00D97700158704 /* Home */,
				8B8AF6392F02091300851192 /* DailyCardSheet.swift */,
			);
			path = Screens;
			sourceTree = "<group>";
		};
		8B75167B2F00785600158704 /* Services */ = {
			isa = PBXGroup;
			children = (
				8B8AF64C2F02164A00851192 /* TarotService.swift */,
			);
			path = Services;
			sourceTree = "<group>";
		};
		8B75167C2F00785C00158704 /* Resources */ = {
			isa = PBXGroup;
			children = (
				8B8AF6262F017F3B00851192 /* Localizable.xcstrings */,
				8B75166D2F0077BF00158704 /* Preview Content */,
				8B75166B2F0077BF00158704 /* Assets.xcassets */,
			);
			path = Resources;
			sourceTree = "<group>";
		};
		8B75168A2F00D04300158704 /* Core */ = {
			isa = PBXGroup;
			children = (
				8B8AF6472F0213A700851192 /* ViewModifiers */,
				8B7516922F00DB6400158704 /* Design */,
				8B75168B2F00D05200158704 /* Extensions */,
				8B8AF64E2F0216E200851192 /* Secrets.swift */,
			);
			path = Core;
			sourceTree = "<group>";
		};
		8B75168B2F00D05200158704 /* Extensions */ = {
			isa = PBXGroup;
			children = (
				8B75168C2F00D06500158704 /* Color+Theme.swift */,
				8B8AF6302F01EEF300851192 /* Image+Kingfisher.swift */,
			);
			path = Extensions;
			sourceTree = "<group>";
		};
		8B75168E2F00D5A000158704 /* Home */ = {
			isa = PBXGroup;
			children = (
				8B75168F2F00D63A00158704 /* HeaderSectionView.swift */,
				8B8AF6282F01875400851192 /* DailyCardSectionView.swift */,
			);
			path = Home;
			sourceTree = "<group>";
		};
		8B7516912F00D97700158704 /* Home */ = {
			isa = PBXGroup;
			children = (
				8B7516832F00C68600158704 /* HomeView.swift */,
			);
			path = Home;
			sourceTree = "<group>";
		};
		8B7516922F00DB6400158704 /* Design */ = {
			isa = PBXGroup;
			children = (
				8B7516932F00DB7E00158704 /* DesignSystem.swift */,
			);
			path = Design;
			sourceTree = "<group>";
		};
		8B8AF62A2F0187E000851192 /* Common */ = {
			isa = PBXGroup;
			children = (
				8B8AF62B2F01880200851192 /* GlassCard.swift */,
			);
			path = Common;
			sourceTree = "<group>";
		};
		8B8AF62D2F01DB8000851192 /* Cards */ = {
			isa = PBXGroup;
			children = (
				8B8AF62E2F01DB9400851192 /* TarotCardView.swift */,
				8B8AF6322F02003300851192 /* CardBackView.swift */,
			);
			path = Cards;
			sourceTree = "<group>";
		};
		8B8AF63B2F02096C00851192 /* Components */ = {
			isa = PBXGroup;
			children = (
				8B8AF6422F020A7200851192 /* Effects */,
				8B8AF63F2F020A3C00851192 /* Common */,
				8B8AF63C2F02097300851192 /* AI */,
			);
			path = Components;
			sourceTree = "<group>";
		};
		8B8AF63C2F02097300851192 /* AI */ = {
			isa = PBXGroup;
			children = (
				8B8AF63D2F02098300851192 /* InterpretationView.swift */,
			);
			path = AI;
			sourceTree = "<group>";
		};
		8B8AF63F2F020A3C00851192 /* Common */ = {
			isa = PBXGroup;
			children = (
				8B8AF6402F020A4800851192 /* MagicButton.swift */,
			);
			path = Common;
			sourceTree = "<group>";
		};
		8B8AF6422F020A7200851192 /* Effects */ = {
			isa = PBXGroup;
			children = (
				8B8AF6432F020A7C00851192 /* TypingTextView.swift */,
				8B8AF6452F020EBD00851192 /* StreamingTextView.swift */,
			);
			path = Effects;
			sourceTree = "<group>";
		};
		8B8AF6472F0213A700851192 /* ViewModifiers */ = {
			isa = PBXGroup;
			children = (
				8B8AF6482F0213B200851192 /* GlassModifier.swift */,
			);
			path = ViewModifiers;
			sourceTree = "<group>";
		};
		8B8AF6502F0218EB00851192 /* Reading */ = {
			isa = PBXGroup;
			children = (
				8B8AF6512F0218F900851192 /* CardPickerSheet.swift */,
			);
			path = Reading;
			sourceTree = "<group>";
		};
/* End PBXGroup section */

/* Begin PBXNativeTarget section */
		8B7516632F0077BC00158704 /* MagicTarot */ = {
			isa = PBXNativeTarget;
			buildConfigurationList = 8B7516722F0077BF00158704 /* Build configuration list for PBXNativeTarget "MagicTarot" */;
			buildPhases = (
				8B7516602F0077BC00158704 /* Sources */,
				8B7516612F0077BC00158704 /* Frameworks */,
				8B7516622F0077BC00158704 /* Resources */,
			);
			buildRules = (
			);
			dependencies = (
			);
			name = MagicTarot;
			productName = MagicTarot;
			productReference = 8B7516642F0077BC00158704 /* MagicTarot.app */;
			productType = "com.apple.product-type.application";
		};
/* End PBXNativeTarget section */

/* Begin PBXProject section */
		8B75165C2F0077BC00158704 /* Project object */ = {
			isa = PBXProject;
			attributes = {
				BuildIndependentTargetsInParallel = 1;
				LastSwiftUpdateCheck = 1520;
				LastUpgradeCheck = 1520;
				TargetAttributes = {
					8B7516632F0077BC00158704 = {
						CreatedOnToolsVersion = 15.2;
					};
				};
			};
			buildConfigurationList = 8B75165F2F0077BC00158704 /* Build configuration list for PBXProject "MagicTarot" */;
			compatibilityVersion = "Xcode 14.0";
			developmentRegion = en;
			hasScannedForEncodings = 0;
			knownRegions = (
				en,
				Base,
				pl,
				ru,
			);
			mainGroup = 8B75165B2F0077BC00158704;
			productRefGroup = 8B7516652F0077BC00158704 /* Products */;
			projectDirPath = "";
			projectRoot = "";
			targets = (
				8B7516632F0077BC00158704 /* MagicTarot */,
			);
		};
/* End PBXProject section */

/* Begin PBXResourcesBuildPhase section */
		8B7516622F0077BC00158704 /* Resources */ = {
			isa = PBXResourcesBuildPhase;
			buildActionMask = 2147483647;
			files = (
				8B75166F2F0077BF00158704 /* Preview Assets.xcassets in Resources */,
				8B75166C2F0077BF00158704 /* Assets.xcassets in Resources */,
				8B8AF6272F017F3B00851192 /* Localizable.xcstrings in Resources */,
			);
			runOnlyForDeploymentPostprocessing = 0;
		};
/* End PBXResourcesBuildPhase section */

/* Begin PBXSourcesBuildPhase section */
		8B7516602F0077BC00158704 /* Sources */ = {
			isa = PBXSourcesBuildPhase;
			buildActionMask = 2147483647;
			files = (
				8B8AF6462F020EBD00851192 /* StreamingTextView.swift in Sources */,
				8B7516802F00C55F00158704 /* HomeViewModel.swift in Sources */,
				8B8AF64B2F02163100851192 /* GeminiModels.swift in Sources */,
				8B8AF6492F0213B200851192 /* GlassModifier.swift in Sources */,
				8B7516892F00CD0C00158704 /* AppBackground.swift in Sources */,
				8B75168D2F00D06500158704 /* Color+Theme.swift in Sources */,
				8B7516942F00DB7E00158704 /* DesignSystem.swift in Sources */,
				8B8AF62C2F01880200851192 /* GlassCard.swift in Sources */,
				8B8AF63E2F02098300851192 /* InterpretationView.swift in Sources */,
				8B7516902F00D63A00158704 /* HeaderSectionView.swift in Sources */,
				8B8AF6312F01EEF400851192 /* Image+Kingfisher.swift in Sources */,
				8B7516682F0077BC00158704 /* MagicTarotApp.swift in Sources */,
				8B8AF6522F0218F900851192 /* CardPickerSheet.swift in Sources */,
				8B8AF6412F020A4800851192 /* MagicButton.swift in Sources */,
				8B8AF6292F01875400851192 /* DailyCardSectionView.swift in Sources */,
				8B75167E2F00BD9500158704 /* TarotCard.swift in Sources */,
				8B8AF62F2F01DB9400851192 /* TarotCardView.swift in Sources */,
				8B8AF63A2F02091300851192 /* DailyCardSheet.swift in Sources */,
				8B8AF6442F020A7C00851192 /* TypingTextView.swift in Sources */,
				8B8AF64D2F02164A00851192 /* TarotService.swift in Sources */,
				8B8AF6332F02003300851192 /* CardBackView.swift in Sources */,
				8B7516842F00C68600158704 /* HomeView.swift in Sources */,
				8B8AF64F2F0216E200851192 /* Secrets.swift in Sources */,
			);
			runOnlyForDeploymentPostprocessing = 0;
		};
/* End PBXSourcesBuildPhase section */

/* Begin XCBuildConfiguration section */
		8B7516702F0077BF00158704 /* Debug */ = {
			isa = XCBuildConfiguration;
			buildSettings = {
				ALWAYS_SEARCH_USER_PATHS = NO;
				ASSETCATALOG_COMPILER_GENERATE_SWIFT_ASSET_SYMBOL_EXTENSIONS = YES;
				CLANG_ANALYZER_NONNULL = YES;
				CLANG_ANALYZER_NUMBER_OBJECT_CONVERSION = YES_AGGRESSIVE;
				CLANG_CXX_LANGUAGE_STANDARD = "gnu++20";
				CLANG_ENABLE_MODULES = YES;
				CLANG_ENABLE_OBJC_ARC = YES;
				CLANG_ENABLE_OBJC_WEAK = YES;
				CLANG_WARN_BLOCK_CAPTURE_AUTORELEASING = YES;
				CLANG_WARN_BOOL_CONVERSION = YES;
				CLANG_WARN_COMMA = YES;
				CLANG_WARN_CONSTANT_CONVERSION = YES;
				CLANG_WARN_DEPRECATED_OBJC_IMPLEMENTATIONS = YES;
				CLANG_WARN_DIRECT_OBJC_ISA_USAGE = YES_ERROR;
				CLANG_WARN_DOCUMENTATION_COMMENTS = YES;
				CLANG_WARN_EMPTY_BODY = YES;
				CLANG_WARN_ENUM_CONVERSION = YES;
				CLANG_WARN_INFINITE_RECURSION = YES;
				CLANG_WARN_INT_CONVERSION = YES;
				CLANG_WARN_NON_LITERAL_NULL_CONVERSION = YES;
				CLANG_WARN_OBJC_IMPLICIT_RETAIN_SELF = YES;
				CLANG_WARN_OBJC_LITERAL_CONVERSION = YES;
				CLANG_WARN_OBJC_ROOT_CLASS = YES_ERROR;
				CLANG_WARN_QUOTED_INCLUDE_IN_FRAMEWORK_HEADER = YES;
				CLANG_WARN_RANGE_LOOP_ANALYSIS = YES;
				CLANG_WARN_STRICT_PROTOTYPES = YES;
				CLANG_WARN_SUSPICIOUS_MOVE = YES;
				CLANG_WARN_UNGUARDED_AVAILABILITY = YES_AGGRESSIVE;
				CLANG_WARN_UNREACHABLE_CODE = YES;
				CLANG_WARN__DUPLICATE_METHOD_MATCH = YES;
				COPY_PHASE_STRIP = NO;
				DEBUG_INFORMATION_FORMAT = dwarf;
				ENABLE_STRICT_OBJC_MSGSEND = YES;
				ENABLE_TESTABILITY = YES;
				ENABLE_USER_SCRIPT_SANDBOXING = YES;
				GCC_C_LANGUAGE_STANDARD = gnu17;
				GCC_DYNAMIC_NO_PIC = NO;
				GCC_NO_COMMON_BLOCKS = YES;
				GCC_OPTIMIZATION_LEVEL = 0;
				GCC_PREPROCESSOR_DEFINITIONS = (
					"DEBUG=1",
					"$(inherited)",
				);
				GCC_WARN_64_TO_32_BIT_CONVERSION = YES;
				GCC_WARN_ABOUT_RETURN_TYPE = YES_ERROR;
				GCC_WARN_UNDECLARED_SELECTOR = YES;
				GCC_WARN_UNINITIALIZED_AUTOS = YES_AGGRESSIVE;
				GCC_WARN_UNUSED_FUNCTION = YES;
				GCC_WARN_UNUSED_VARIABLE = YES;
				IPHONEOS_DEPLOYMENT_TARGET = 17.2;
				LOCALIZATION_PREFERS_STRING_CATALOGS = YES;
				MTL_ENABLE_DEBUG_INFO = INCLUDE_SOURCE;
				MTL_FAST_MATH = YES;
				ONLY_ACTIVE_ARCH = YES;
				SDKROOT = iphoneos;
				SWIFT_ACTIVE_COMPILATION_CONDITIONS = "DEBUG $(inherited)";
				SWIFT_OPTIMIZATION_LEVEL = "-Onone";
			};
			name = Debug;
		};
		8B7516712F0077BF00158704 /* Release */ = {
			isa = XCBuildConfiguration;
			buildSettings = {
				ALWAYS_SEARCH_USER_PATHS = NO;
				ASSETCATALOG_COMPILER_GENERATE_SWIFT_ASSET_SYMBOL_EXTENSIONS = YES;
				CLANG_ANALYZER_NONNULL = YES;
				CLANG_ANALYZER_NUMBER_OBJECT_CONVERSION = YES_AGGRESSIVE;
				CLANG_CXX_LANGUAGE_STANDARD = "gnu++20";
				CLANG_ENABLE_MODULES = YES;
				CLANG_ENABLE_OBJC_ARC = YES;
				CLANG_ENABLE_OBJC_WEAK = YES;
				CLANG_WARN_BLOCK_CAPTURE_AUTORELEASING = YES;
				CLANG_WARN_BOOL_CONVERSION = YES;
				CLANG_WARN_COMMA = YES;
				CLANG_WARN_CONSTANT_CONVERSION = YES;
				CLANG_WARN_DEPRECATED_OBJC_IMPLEMENTATIONS = YES;
				CLANG_WARN_DIRECT_OBJC_ISA_USAGE = YES_ERROR;
				CLANG_WARN_DOCUMENTATION_COMMENTS = YES;
				CLANG_WARN_EMPTY_BODY = YES;
				CLANG_WARN_ENUM_CONVERSION = YES;
				CLANG_WARN_INFINITE_RECURSION = YES;
				CLANG_WARN_INT_CONVERSION = YES;
				CLANG_WARN_NON_LITERAL_NULL_CONVERSION = YES;
				CLANG_WARN_OBJC_IMPLICIT_RETAIN_SELF = YES;
				CLANG_WARN_OBJC_LITERAL_CONVERSION = YES;
				CLANG_WARN_OBJC_ROOT_CLASS = YES_ERROR;
				CLANG_WARN_QUOTED_INCLUDE_IN_FRAMEWORK_HEADER = YES;
				CLANG_WARN_RANGE_LOOP_ANALYSIS = YES;
				CLANG_WARN_STRICT_PROTOTYPES = YES;
				CLANG_WARN_SUSPICIOUS_MOVE = YES;
				CLANG_WARN_UNGUARDED_AVAILABILITY = YES_AGGRESSIVE;
				CLANG_WARN_UNREACHABLE_CODE = YES;
				CLANG_WARN__DUPLICATE_METHOD_MATCH = YES;
				COPY_PHASE_STRIP = NO;
				DEBUG_INFORMATION_FORMAT = "dwarf-with-dsym";
				ENABLE_NS_ASSERTIONS = NO;
				ENABLE_STRICT_OBJC_MSGSEND = YES;
				ENABLE_USER_SCRIPT_SANDBOXING = YES;
				GCC_C_LANGUAGE_STANDARD = gnu17;
				GCC_NO_COMMON_BLOCKS = YES;
				GCC_WARN_64_TO_32_BIT_CONVERSION = YES;
				GCC_WARN_ABOUT_RETURN_TYPE = YES_ERROR;
				GCC_WARN_UNDECLARED_SELECTOR = YES;
				GCC_WARN_UNINITIALIZED_AUTOS = YES_AGGRESSIVE;
				GCC_WARN_UNUSED_FUNCTION = YES;
				GCC_WARN_UNUSED_VARIABLE = YES;
				IPHONEOS_DEPLOYMENT_TARGET = 17.2;
				LOCALIZATION_PREFERS_STRING_CATALOGS = YES;
				MTL_ENABLE_DEBUG_INFO = NO;
				MTL_FAST_MATH = YES;
				SDKROOT = iphoneos;
				SWIFT_COMPILATION_MODE = wholemodule;
				VALIDATE_PRODUCT = YES;
			};
			name = Release;
		};
		8B7516732F0077BF00158704 /* Debug */ = {
			isa = XCBuildConfiguration;
			buildSettings = {
				ASSETCATALOG_COMPILER_APPICON_NAME = AppIcon;
				ASSETCATALOG_COMPILER_GLOBAL_ACCENT_COLOR_NAME = AccentColor;
				CODE_SIGN_STYLE = Automatic;
				CURRENT_PROJECT_VERSION = 1;
				DEVELOPMENT_ASSET_PATHS = "";
				DEVELOPMENT_TEAM = YFFM247885;
				ENABLE_PREVIEWS = YES;
				GENERATE_INFOPLIST_FILE = YES;
				INFOPLIST_FILE = MagicTarot/Info.plist;
				INFOPLIST_KEY_UIApplicationSceneManifest_Generation = YES;
				INFOPLIST_KEY_UIApplicationSupportsIndirectInputEvents = YES;
				INFOPLIST_KEY_UILaunchScreen_Generation = YES;
				INFOPLIST_KEY_UISupportedInterfaceOrientations_iPad = "UIInterfaceOrientationPortrait UIInterfaceOrientationPortraitUpsideDown UIInterfaceOrientationLandscapeLeft UIInterfaceOrientationLandscapeRight";
				INFOPLIST_KEY_UISupportedInterfaceOrientations_iPhone = "UIInterfaceOrientationPortrait UIInterfaceOrientationLandscapeLeft UIInterfaceOrientationLandscapeRight";
				LD_RUNPATH_SEARCH_PATHS = (
					"$(inherited)",
					"@executable_path/Frameworks",
				);
				MARKETING_VERSION = 1.0;
				PRODUCT_BUNDLE_IDENTIFIER = com.avetis.MagicTarot;
				PRODUCT_NAME = "$(TARGET_NAME)";
				SWIFT_EMIT_LOC_STRINGS = YES;
				SWIFT_VERSION = 5.0;
				TARGETED_DEVICE_FAMILY = "1,2";
			};
			name = Debug;
		};
		8B7516742F0077BF00158704 /* Release */ = {
			isa = XCBuildConfiguration;
			buildSettings = {
				ASSETCATALOG_COMPILER_APPICON_NAME = AppIcon;
				ASSETCATALOG_COMPILER_GLOBAL_ACCENT_COLOR_NAME = AccentColor;
				CODE_SIGN_STYLE = Automatic;
				CURRENT_PROJECT_VERSION = 1;
				DEVELOPMENT_ASSET_PATHS = "";
				DEVELOPMENT_TEAM = YFFM247885;
				ENABLE_PREVIEWS = YES;
				GENERATE_INFOPLIST_FILE = YES;
				INFOPLIST_FILE = MagicTarot/Info.plist;
				INFOPLIST_KEY_UIApplicationSceneManifest_Generation = YES;
				INFOPLIST_KEY_UIApplicationSupportsIndirectInputEvents = YES;
				INFOPLIST_KEY_UILaunchScreen_Generation = YES;
				INFOPLIST_KEY_UISupportedInterfaceOrientations_iPad = "UIInterfaceOrientationPortrait UIInterfaceOrientationPortraitUpsideDown UIInterfaceOrientationLandscapeLeft UIInterfaceOrientationLandscapeRight";
				INFOPLIST_KEY_UISupportedInterfaceOrientations_iPhone = "UIInterfaceOrientationPortrait UIInterfaceOrientationLandscapeLeft UIInterfaceOrientationLandscapeRight";
				LD_RUNPATH_SEARCH_PATHS = (
					"$(inherited)",
					"@executable_path/Frameworks",
				);
				MARKETING_VERSION = 1.0;
				PRODUCT_BUNDLE_IDENTIFIER = com.avetis.MagicTarot;
				PRODUCT_NAME = "$(TARGET_NAME)";
				SWIFT_EMIT_LOC_STRINGS = YES;
				SWIFT_VERSION = 5.0;
				TARGETED_DEVICE_FAMILY = "1,2";
			};
			name = Release;
		};
/* End XCBuildConfiguration section */

/* Begin XCConfigurationList section */
		8B75165F2F0077BC00158704 /* Build configuration list for PBXProject "MagicTarot" */ = {
			isa = XCConfigurationList;
			buildConfigurations = (
				8B7516702F0077BF00158704 /* Debug */,
				8B7516712F0077BF00158704 /* Release */,
			);
			defaultConfigurationIsVisible = 0;
			defaultConfigurationName = Release;
		};
		8B7516722F0077BF00158704 /* Build configuration list for PBXNativeTarget "MagicTarot" */ = {
			isa = XCConfigurationList;
			buildConfigurations = (
				8B7516732F0077BF00158704 /* Debug */,
				8B7516742F0077BF00158704 /* Release */,
			);
			defaultConfigurationIsVisible = 0;
			defaultConfigurationName = Release;
		};
/* End XCConfigurationList section */
	};
	rootObject = 8B75165C2F0077BC00158704 /* Project object */;
}
